<?xml version="1.0" encoding="utf-8"?>
<Project ToolsVersion="4.0" xmlns="http://schemas.microsoft.com/developer/msbuild/2003">
  <ItemGroup>
    <Filter Include="源文件">
      <UniqueIdentifier>{4FC737F1-C7A5-4376-A066-2A32D752A2FF}</UniqueIdentifier>
      <Extensions>cpp;c;cc;cxx;def;odl;idl;hpj;bat;asm;asmx</Extensions>
    </Filter>
    <Filter Include="头文件">
      <UniqueIdentifier>{93995380-89BD-4b04-88EB-625FBE52EBFB}</UniqueIdentifier>
      <Extensions>h;hpp;hxx;hm;inl;inc;xsd</Extensions>
    </Filter>
    <Filter Include="资源文件">
      <UniqueIdentifier>{67DA6AB6-F800-4c08-8B7A-83BB121AAD01}</UniqueIdentifier>
      <Extensions>rc;ico;cur;bmp;dlg;rc2;rct;bin;rgs;gif;jpg;jpeg;jpe;resx;tiff;tif;png;wav;mfcribbon-ms</Extensions>
    </Filter>
    <Filter Include="win">
      <UniqueIdentifier>{937a3c11-990a-40d7-8aa9-3d84b57df064}</UniqueIdentifier>
    </Filter>
    <Filter Include="posix">
      <UniqueIdentifier>{229e7530-8347-4af7-90ab-0636f783bb0c}</UniqueIdentifier>
    </Filter>
  </ItemGroup>
  <ItemGroup>
    <None Include="ReadMe.txt" />
  </ItemGroup>
  <ItemGroup>
    <ClInclude Include="stdafx.h">
      <Filter>头文件</Filter>
    </ClInclude>
    <ClInclude Include="config_win32.h">
      <Filter>头文件</Filter>
    </ClInclude>
    <ClInclude Include="Thread.h">
      <Filter>头文件</Filter>
    </ClInclude>
    <ClInclude Include="Mutex.h">
      <Filter>头文件</Filter>
    </ClInclude>
    <ClInclude Include="win\Win_Thread_Func.h">
      <Filter>win</Filter>
    </ClInclude>
    <ClInclude Include="ReadWriteMutex.h">
      <Filter>头文件</Filter>
    </ClInclude>
    <ClInclude Include="Guard.h">
      <Filter>头文件</Filter>
    </ClInclude>
    <ClInclude Include="posix\Posix_Thread_Func.h">
      <Filter>posix</Filter>
    </ClInclude>
    <ClInclude Include="config_linux.h">
      <Filter>头文件</Filter>
    </ClInclude>
    <ClInclude Include="config_win32_mingw.h">
      <Filter>头文件</Filter>
    </ClInclude>
    <ClInclude Include="MessageQueue.h">
      <Filter>头文件</Filter>
    </ClInclude>
    <ClInclude Include="MemoryPool.h">
      <Filter>头文件</Filter>
    </ClInclude>
    <ClInclude Include="Semaphore.h">
      <Filter>头文件</Filter>
    </ClInclude>
    <ClInclude Include="posix\Posix_Sync_Func.h">
      <Filter>posix</Filter>
    </ClInclude>
    <ClInclude Include="win\Win_Sync_Func.h">
      <Filter>win</Filter>
    </ClInclude>
    <ClInclude Include="detail\buddy.h">
      <Filter>头文件</Filter>
    </ClInclude>
    <ClInclude Include="MessageBlock.h">
      <Filter>头文件</Filter>
    </ClInclude>
    <ClInclude Include="Singleton.h">
      <Filter>头文件</Filter>
    </ClInclude>
    <ClInclude Include="TyConf.h">
      <Filter>头文件</Filter>
    </ClInclude>
    <ClInclude Include="TyFile.h">
      <Filter>头文件</Filter>
    </ClInclude>
    <ClInclude Include="config_idee.h">
      <Filter>头文件</Filter>
    </ClInclude>
  </ItemGroup>
  <ItemGroup>
    <ClCompile Include="stdafx.cpp">
      <Filter>源文件</Filter>
    </ClCompile>
    <ClCompile Include="dllmain.cpp">
      <Filter>源文件</Filter>
    </ClCompile>
    <ClCompile Include="Thread.cpp">
      <Filter>源文件</Filter>
    </ClCompile>
    <ClCompile Include="Mutex.cpp">
      <Filter>源文件</Filter>
    </ClCompile>
    <ClCompile Include="win\Win_Thread_Func.cpp">
      <Filter>win</Filter>
    </ClCompile>
    <ClCompile Include="ReadWriteMutex.cpp">
      <Filter>源文件</Filter>
    </ClCompile>
    <ClCompile Include="posix\Posix_Thread_Func.cpp">
      <Filter>posix</Filter>
    </ClCompile>
    <ClCompile Include="MessageQueue.cpp">
      <Filter>源文件</Filter>
    </ClCompile>
    <ClCompile Include="MemoryPool.cpp">
      <Filter>源文件</Filter>
    </ClCompile>
    <ClCompile Include="Semaphore.cpp">
      <Filter>源文件</Filter>
    </ClCompile>
    <ClCompile Include="posix\Posix_Sync_Func.cpp">
      <Filter>posix</Filter>
    </ClCompile>
    <ClCompile Include="win\Win_Sync_Func.cpp">
      <Filter>win</Filter>
    </ClCompile>
    <ClCompile Include="detail\buddy.c">
      <Filter>源文件</Filter>
    </ClCompile>
    <ClCompile Include="MessageBlock.cpp">
      <Filter>源文件</Filter>
    </ClCompile>
    <ClCompile Include="TyConf.cpp">
      <Filter>头文件</Filter>
    </ClCompile>
    <ClCompile Include="TyFile.cpp">
      <Filter>头文件</Filter>
    </ClCompile>
  </ItemGroup>
</Project>